// !$*UTF8*$!
{
	archiveVersion = 1;
	classes = {
	};
	objectVersion = 50;
	objects = {

/* Begin PBXBuildFile section */
		64048D1726A8450400D88D07 /* AppDelegate.swift in Sources */ = {isa = PBXBuildFile; fileRef = 64048D1626A8450400D88D07 /* AppDelegate.swift */; };
		64048D1926A8450400D88D07 /* SceneDelegate.swift in Sources */ = {isa = PBXBuildFile; fileRef = 64048D1826A8450400D88D07 /* SceneDelegate.swift */; };
		64048D1B26A8450400D88D07 /* ViewController.swift in Sources */ = {isa = PBXBuildFile; fileRef = 64048D1A26A8450400D88D07 /* ViewController.swift */; };
		64048D1E26A8450400D88D07 /* Main.storyboard in Resources */ = {isa = PBXBuildFile; fileRef = 64048D1C26A8450400D88D07 /* Main.storyboard */; };
		64048D2026A8450500D88D07 /* Assets.xcassets in Resources */ = {isa = PBXBuildFile; fileRef = 64048D1F26A8450500D88D07 /* Assets.xcassets */; };
		64048D2326A8450500D88D07 /* LaunchScreen.storyboard in Resources */ = {isa = PBXBuildFile; fileRef = 64048D2126A8450500D88D07 /* LaunchScreen.storyboard */; };
		64048D2C26A847F400D88D07 /* NSLayoutConstraint+Builder.swift in Sources */ = {isa = PBXBuildFile; fileRef = 64048D2B26A847F400D88D07 /* NSLayoutConstraint+Builder.swift */; };
		64048D2E26A8486400D88D07 /* NSLayoutConstraint+Utilities.swift in Sources */ = {isa = PBXBuildFile; fileRef = 64048D2D26A8486400D88D07 /* NSLayoutConstraint+Utilities.swift */; };
		64048D3026A84A2F00D88D07 /* FlashLayoutDescriber.swift in Sources */ = {isa = PBXBuildFile; fileRef = 64048D2F26A84A2F00D88D07 /* FlashLayoutDescriber.swift */; };
		64048D3226A84B1300D88D07 /* FlashLayoutDimensionDescriber.swift in Sources */ = {isa = PBXBuildFile; fileRef = 64048D3126A84B1300D88D07 /* FlashLayoutDimensionDescriber.swift */; };
		64048D3426A84BAB00D88D07 /* NSLayoutContraint+Operators.swift in Sources */ = {isa = PBXBuildFile; fileRef = 64048D3326A84BAB00D88D07 /* NSLayoutContraint+Operators.swift */; };
		64048D3626A84D4900D88D07 /* UIView+Utilities.swift in Sources */ = {isa = PBXBuildFile; fileRef = 64048D3526A84D4900D88D07 /* UIView+Utilities.swift */; };
/* End PBXBuildFile section */

/* Begin PBXFileReference section */
		64048D1326A8450400D88D07 /* FlashLayoutDemo.app */ = {isa = PBXFileReference; explicitFileType = wrapper.application; includeInIndex = 0; path = FlashLayoutDemo.app; sourceTree = BUILT_PRODUCTS_DIR; };
		64048D1626A8450400D88D07 /* AppDelegate.swift */ = {isa = PBXFileReference; lastKnownFileType = sourcecode.swift; path = AppDelegate.swift; sourceTree = "<group>"; };
		64048D1826A8450400D88D07 /* SceneDelegate.swift */ = {isa = PBXFileReference; lastKnownFileType = sourcecode.swift; path = SceneDelegate.swift; sourceTree = "<group>"; };
		64048D1A26A8450400D88D07 /* ViewController.swift */ = {isa = PBXFileReference; lastKnownFileType = sourcecode.swift; path = ViewController.swift; sourceTree = "<group>"; };
		64048D1D26A8450400D88D07 /* Base */ = {isa = PBXFileReference; lastKnownFileType = file.storyboard; name = Base; path = Base.lproj/Main.storyboard; sourceTree = "<group>"; };
		64048D1F26A8450500D88D07 /* Assets.xcassets */ = {isa = PBXFileReference; lastKnownFileType = folder.assetcatalog; path = Assets.xcassets; sourceTree = "<group>"; };
		64048D2226A8450500D88D07 /* Base */ = {isa = PBXFileReference; lastKnownFileType = file.storyboard; name = Base; path = Base.lproj/LaunchScreen.storyboard; sourceTree = "<group>"; };
		64048D2426A8450500D88D07 /* Info.plist */ = {isa = PBXFileReference; lastKnownFileType = text.plist.xml; path = Info.plist; sourceTree = "<group>"; };
		64048D2B26A847F400D88D07 /* NSLayoutConstraint+Builder.swift */ = {isa = PBXFileReference; lastKnownFileType = sourcecode.swift; path = "NSLayoutConstraint+Builder.swift"; sourceTree = "<group>"; };
		64048D2D26A8486400D88D07 /* NSLayoutConstraint+Utilities.swift */ = {isa = PBXFileReference; lastKnownFileType = sourcecode.swift; path = "NSLayoutConstraint+Utilities.swift"; sourceTree = "<group>"; };
		64048D2F26A84A2F00D88D07 /* FlashLayoutDescriber.swift */ = {isa = PBXFileReference; lastKnownFileType = sourcecode.swift; path = FlashLayoutDescriber.swift; sourceTree = "<group>"; };
		64048D3126A84B1300D88D07 /* FlashLayoutDimensionDescriber.swift */ = {isa = PBXFileReference; lastKnownFileType = sourcecode.swift; path = FlashLayoutDimensionDescriber.swift; sourceTree = "<group>"; };
		64048D3326A84BAB00D88D07 /* NSLayoutContraint+Operators.swift */ = {isa = PBXFileReference; lastKnownFileType = sourcecode.swift; path = "NSLayoutContraint+Operators.swift"; sourceTree = "<group>"; };
		64048D3526A84D4900D88D07 /* UIView+Utilities.swift */ = {isa = PBXFileReference; lastKnownFileType = sourcecode.swift; path = "UIView+Utilities.swift"; sourceTree = "<group>"; };
/* End PBXFileReference section */

/* Begin PBXFrameworksBuildPhase section */
		64048D1026A8450400D88D07 /* Frameworks */ = {
			isa = PBXFrameworksBuildPhase;
			buildActionMask = 2147483647;
			files = (
			);
			runOnlyForDeploymentPostprocessing = 0;
		};
/* End PBXFrameworksBuildPhase section */

/* Begin PBXGroup section */
		64048D0A26A8450400D88D07 = {
			isa = PBXGroup;
			children = (
				64048D2A26A847A000D88D07 /* Source */,
				64048D1526A8450400D88D07 /* FlashLayoutDemo */,
				64048D1426A8450400D88D07 /* Products */,
			);
			sourceTree = "<group>";
		};
		64048D1426A8450400D88D07 /* Products */ = {
			isa = PBXGroup;
			children = (
				64048D1326A8450400D88D07 /* FlashLayoutDemo.app */,
			);
			name = Products;
			sourceTree = "<group>";
		};
		64048D1526A8450400D88D07 /* FlashLayoutDemo */ = {
			isa = PBXGroup;
			children = (
				64048D1626A8450400D88D07 /* AppDelegate.swift */,
				64048D1826A8450400D88D07 /* SceneDelegate.swift */,
				64048D1A26A8450400D88D07 /* ViewController.swift */,
				64048D1C26A8450400D88D07 /* Main.storyboard */,
				64048D1F26A8450500D88D07 /* Assets.xcassets */,
				64048D2126A8450500D88D07 /* LaunchScreen.storyboard */,
				64048D2426A8450500D88D07 /* Info.plist */,
			);
			path = FlashLayoutDemo;
			sourceTree = "<group>";
		};
		64048D2A26A847A000D88D07 /* Source */ = {
			isa = PBXGroup;
			children = (
				64048D2B26A847F400D88D07 /* NSLayoutConstraint+Builder.swift */,
				64048D2D26A8486400D88D07 /* NSLayoutConstraint+Utilities.swift */,
				64048D2F26A84A2F00D88D07 /* FlashLayoutDescriber.swift */,
				64048D3126A84B1300D88D07 /* FlashLayoutDimensionDescriber.swift */,
				64048D3326A84BAB00D88D07 /* NSLayoutContraint+Operators.swift */,
				64048D3526A84D4900D88D07 /* UIView+Utilities.swift */,
			);
			path = Source;
			sourceTree = "<group>";
		};
/* End PBXGroup section */

/* Begin PBXNativeTarget section */
		64048D1226A8450400D88D07 /* FlashLayoutDemo */ = {
			isa = PBXNativeTarget;
			buildConfigurationList = 64048D2726A8450500D88D07 /* Build configuration list for PBXNativeTarget "FlashLayoutDemo" */;
			buildPhases = (
				64048D0F26A8450400D88D07 /* Sources */,
				64048D1026A8450400D88D07 /* Frameworks */,
				64048D1126A8450400D88D07 /* Resources */,
			);
			buildRules = (
			);
			dependencies = (
			);
			name = FlashLayoutDemo;
			productName = FlashLayoutDemo;
			productReference = 64048D1326A8450400D88D07 /* FlashLayoutDemo.app */;
			productType = "com.apple.product-type.application";
		};
/* End PBXNativeTarget section */

/* Begin PBXProject section */
		64048D0B26A8450400D88D07 /* Project object */ = {
			isa = PBXProject;
			attributes = {
				LastSwiftUpdateCheck = 1250;
				LastUpgradeCheck = 1250;
				TargetAttributes = {
					64048D1226A8450400D88D07 = {
						CreatedOnToolsVersion = 12.5.1;
					};
				};
			};
			buildConfigurationList = 64048D0E26A8450400D88D07 /* Build configuration list for PBXProject "FlashLayoutDemo" */;
			compatibilityVersion = "Xcode 9.3";
			developmentRegion = en;
			hasScannedForEncodings = 0;
			knownRegions = (
				en,
				Base,
			);
			mainGroup = 64048D0A26A8450400D88D07;
			productRefGroup = 64048D1426A8450400D88D07 /* Products */;
			projectDirPath = "";
			projectRoot = "";
			targets = (
				64048D1226A8450400D88D07 /* FlashLayoutDemo */,
			);
		};
/* End PBXProject section */

/* Begin PBXResourcesBuildPhase section */
		64048D1126A8450400D88D07 /* Resources */ = {
			isa = PBXResourcesBuildPhase;
			buildActionMask = 2147483647;
			files = (
				64048D2326A8450500D88D07 /* LaunchScreen.storyboard in Resources */,
				64048D2026A8450500D88D07 /* Assets.xcassets in Resources */,
				64048D1E26A8450400D88D07 /* Main.storyboard in Resources */,
			);
			runOnlyForDeploymentPostprocessing = 0;
		};
/* End PBXResourcesBuildPhase section */

/* Begin PBXSourcesBuildPhase section */
		64048D0F26A8450400D88D07 /* Sources */ = {
			isa = PBXSourcesBuildPhase;
			buildActionMask = 2147483647;
			files = (
				64048D3026A84A2F00D88D07 /* FlashLayoutDescriber.swift in Sources */,
				64048D1B26A8450400D88D07 /* ViewController.swift in Sources */,
				64048D3626A84D4900D88D07 /* UIView+Utilities.swift in Sources */,
				64048D1726A8450400D88D07 /* AppDelegate.swift in Sources */,
				64048D2C26A847F400D88D07 /* NSLayoutConstraint+Builder.swift in Sources */,
				64048D2E26A8486400D88D07 /* NSLayoutConstraint+Utilities.swift in Sources */,
				64048D3426A84BAB00D88D07 /* NSLayoutContraint+Operators.swift in Sources */,
				64048D3226A84B1300D88D07 /* FlashLayoutDimensionDescriber.swift in Sources */,
				64048D1926A8450400D88D07 /* SceneDelegate.swift in Sources */,
			);
			runOnlyForDeploymentPostprocessing = 0;
		};
/* End PBXSourcesBuildPhase section */

/* Begin PBXVariantGroup section */
		64048D1C26A8450400D88D07 /* Main.storyboard */ = {
			isa = PBXVariantGroup;
			children = (
				64048D1D26A8450400D88D07 /* Base */,
			);
			name = Main.storyboard;
			sourceTree = "<group>";
		};
		64048D2126A8450500D88D07 /* LaunchScreen.storyboard */ = {
			isa = PBXVariantGroup;
			children = (
				64048D2226A8450500D88D07 /* Base */,
			);
			name = LaunchScreen.storyboard;
			sourceTree = "<group>";
		};
/* End PBXVariantGroup section */

/* Begin XCBuildConfiguration section */
		64048D2526A8450500D88D07 /* Debug */ = {
			isa = XCBuildConfiguration;
			buildSettings = {
				ALWAYS_SEARCH_USER_PATHS = NO;
				CLANG_ANALYZER_NONNULL = YES;
				CLANG_ANALYZER_NUMBER_OBJECT_CONVERSION = YES_AGGRESSIVE;
				CLANG_CXX_LANGUAGE_STANDARD = "gnu++14";
				CLANG_CXX_LIBRARY = "libc++";
				CLANG_ENABLE_MODULES = YES;
				CLANG_ENABLE_OBJC_ARC = YES;
				CLANG_ENABLE_OBJC_WEAK = YES;
				CLANG_WARN_BLOCK_CAPTURE_AUTORELEASING = YES;
				CLANG_WARN_BOOL_CONVERSION = YES;
				CLANG_WARN_COMMA = YES;
				CLANG_WARN_CONSTANT_CONVERSION = YES;
				CLANG_WARN_DEPRECATED_OBJC_IMPLEMENTATIONS = YES;
				CLANG_WARN_DIRECT_OBJC_ISA_USAGE = YES_ERROR;
				CLANG_WARN_DOCUMENTATION_COMMENTS = YES;
				CLANG_WARN_EMPTY_BODY = YES;
				CLANG_WARN_ENUM_CONVERSION = YES;
				CLANG_WARN_INFINITE_RECURSION = YES;
				CLANG_WARN_INT_CONVERSION = YES;
				CLANG_WARN_NON_LITERAL_NULL_CONVERSION = YES;
				CLANG_WARN_OBJC_IMPLICIT_RETAIN_SELF = YES;
				CLANG_WARN_OBJC_LITERAL_CONVERSION = YES;
				CLANG_WARN_OBJC_ROOT_CLASS = YES_ERROR;
				CLANG_WARN_QUOTED_INCLUDE_IN_FRAMEWORK_HEADER = YES;
				CLANG_WARN_RANGE_LOOP_ANALYSIS = YES;
				CLANG_WARN_STRICT_PROTOTYPES = YES;
				CLANG_WARN_SUSPICIOUS_MOVE = YES;
				CLANG_WARN_UNGUARDED_AVAILABILITY = YES_AGGRESSIVE;
				CLANG_WARN_UNREACHABLE_CODE = YES;
				CLANG_WARN__DUPLICATE_METHOD_MATCH = YES;
				COPY_PHASE_STRIP = NO;
				DEBUG_INFORMATION_FORMAT = dwarf;
				ENABLE_STRICT_OBJC_MSGSEND = YES;
				ENABLE_TESTABILITY = YES;
				GCC_C_LANGUAGE_STANDARD = gnu11;
				GCC_DYNAMIC_NO_PIC = NO;
				GCC_NO_COMMON_BLOCKS = YES;
				GCC_OPTIMIZATION_LEVEL = 0;
				GCC_PREPROCESSOR_DEFINITIONS = (
					"DEBUG=1",
					"$(inherited)",
				);
				GCC_WARN_64_TO_32_BIT_CONVERSION = YES;
				GCC_WARN_ABOUT_RETURN_TYPE = YES_ERROR;
				GCC_WARN_UNDECLARED_SELECTOR = YES;
				GCC_WARN_UNINITIALIZED_AUTOS = YES_AGGRESSIVE;
				GCC_WARN_UNUSED_FUNCTION = YES;
				GCC_WARN_UNUSED_VARIABLE = YES;
				IPHONEOS_DEPLOYMENT_TARGET = 14.5;
				MTL_ENABLE_DEBUG_INFO = INCLUDE_SOURCE;
				MTL_FAST_MATH = YES;
				ONLY_ACTIVE_ARCH = YES;
				SDKROOT = iphoneos;
				SWIFT_ACTIVE_COMPILATION_CONDITIONS = DEBUG;
				SWIFT_OPTIMIZATION_LEVEL = "-Onone";
			};
			name = Debug;
		};
		64048D2626A8450500D88D07 /* Release */ = {
			isa = XCBuildConfiguration;
			buildSettings = {
				ALWAYS_SEARCH_USER_PATHS = NO;
				CLANG_ANALYZER_NONNULL = YES;
				CLANG_ANALYZER_NUMBER_OBJECT_CONVERSION = YES_AGGRESSIVE;
				CLANG_CXX_LANGUAGE_STANDARD = "gnu++14";
				CLANG_CXX_LIBRARY = "libc++";
				CLANG_ENABLE_MODULES = YES;
				CLANG_ENABLE_OBJC_ARC = YES;
				CLANG_ENABLE_OBJC_WEAK = YES;
				CLANG_WARN_BLOCK_CAPTURE_AUTORELEASING = YES;
				CLANG_WARN_BOOL_CONVERSION = YES;
				CLANG_WARN_COMMA = YES;
				CLANG_WARN_CONSTANT_CONVERSION = YES;
				CLANG_WARN_DEPRECATED_OBJC_IMPLEMENTATIONS = YES;
				CLANG_WARN_DIRECT_OBJC_ISA_USAGE = YES_ERROR;
				CLANG_WARN_DOCUMENTATION_COMMENTS = YES;
				CLANG_WARN_EMPTY_BODY = YES;
				CLANG_WARN_ENUM_CONVERSION = YES;
				CLANG_WARN_INFINITE_RECURSION = YES;
				CLANG_WARN_INT_CONVERSION = YES;
				CLANG_WARN_NON_LITERAL_NULL_CONVERSION = YES;
				CLANG_WARN_OBJC_IMPLICIT_RETAIN_SELF = YES;
				CLANG_WARN_OBJC_LITERAL_CONVERSION = YES;
				CLANG_WARN_OBJC_ROOT_CLASS = YES_ERROR;
				CLANG_WARN_QUOTED_INCLUDE_IN_FRAMEWORK_HEADER = YES;
				CLANG_WARN_RANGE_LOOP_ANALYSIS = YES;
				CLANG_WARN_STRICT_PROTOTYPES = YES;
				CLANG_WARN_SUSPICIOUS_MOVE = YES;
				CLANG_WARN_UNGUARDED_AVAILABILITY = YES_AGGRESSIVE;
				CLANG_WARN_UNREACHABLE_CODE = YES;
				CLANG_WARN__DUPLICATE_METHOD_MATCH = YES;
				COPY_PHASE_STRIP = NO;
				DEBUG_INFORMATION_FORMAT = "dwarf-with-dsym";
				ENABLE_NS_ASSERTIONS = NO;
				ENABLE_STRICT_OBJC_MSGSEND = YES;
				GCC_C_LANGUAGE_STANDARD = gnu11;
				GCC_NO_COMMON_BLOCKS = YES;
				GCC_WARN_64_TO_32_BIT_CONVERSION = YES;
				GCC_WARN_ABOUT_RETURN_TYPE = YES_ERROR;
				GCC_WARN_UNDECLARED_SELECTOR = YES;
				GCC_WARN_UNINITIALIZED_AUTOS = YES_AGGRESSIVE;
				GCC_WARN_UNUSED_FUNCTION = YES;
				GCC_WARN_UNUSED_VARIABLE = YES;
				IPHONEOS_DEPLOYMENT_TARGET = 14.5;
				MTL_ENABLE_DEBUG_INFO = NO;
				MTL_FAST_MATH = YES;
				SDKROOT = iphoneos;
				SWIFT_COMPILATION_MODE = wholemodule;
				SWIFT_OPTIMIZATION_LEVEL = "-O";
				VALIDATE_PRODUCT = YES;
			};
			name = Release;
		};
		64048D2826A8450500D88D07 /* Debug */ = {
			isa = XCBuildConfiguration;
			buildSettings = {
				ASSETCATALOG_COMPILER_APPICON_NAME = AppIcon;
				ASSETCATALOG_COMPILER_GLOBAL_ACCENT_COLOR_NAME = AccentColor;
				CODE_SIGN_STYLE = Automatic;
				DEVELOPMENT_TEAM = 3947WT4VYH;
				INFOPLIST_FILE = FlashLayoutDemo/Info.plist;
				LD_RUNPATH_SEARCH_PATHS = (
					"$(inherited)",
					"@executable_path/Frameworks",
				);
				PRODUCT_BUNDLE_IDENTIFIER = "Felix-Niu.FlashLayoutDemo";
				PRODUCT_NAME = "$(TARGET_NAME)";
				SWIFT_VERSION = 5.0;
				TARGETED_DEVICE_FAMILY = "1,2";
			};
			name = Debug;
		};
		64048D2926A8450500D88D07 /* Release */ = {
			isa = XCBuildConfiguration;
			buildSettings = {
				ASSETCATALOG_COMPILER_APPICON_NAME = AppIcon;
				ASSETCATALOG_COMPILER_GLOBAL_ACCENT_COLOR_NAME = AccentColor;
				CODE_SIGN_STYLE = Automatic;
				DEVELOPMENT_TEAM = 3947WT4VYH;
				INFOPLIST_FILE = FlashLayoutDemo/Info.plist;
				LD_RUNPATH_SEARCH_PATHS = (
					"$(inherited)",
					"@executable_path/Frameworks",
				);
				PRODUCT_BUNDLE_IDENTIFIER = "Felix-Niu.FlashLayoutDemo";
				PRODUCT_NAME = "$(TARGET_NAME)";
				SWIFT_VERSION = 5.0;
				TARGETED_DEVICE_FAMILY = "1,2";
			};
			name = Release;
		};
/* End XCBuildConfiguration section */

/* Begin XCConfigurationList section */
		64048D0E26A8450400D88D07 /* Build configuration list for PBXProject "FlashLayoutDemo" */ = {
			isa = XCConfigurationList;
			buildConfigurations = (
				64048D2526A8450500D88D07 /* Debug */,
				64048D2626A8450500D88D07 /* Release */,
			);
			defaultConfigurationIsVisible = 0;
			defaultConfigurationName = Release;
		};
		64048D2726A8450500D88D07 /* Build configuration list for PBXNativeTarget "FlashLayoutDemo" */ = {
			isa = XCConfigurationList;
			buildConfigurations = (
				64048D2826A8450500D88D07 /* Debug */,
				64048D2926A8450500D88D07 /* Release */,
			);
			defaultConfigurationIsVisible = 0;
			defaultConfigurationName = Release;
		};
/* End XCConfigurationList section */
	};
	rootObject = 64048D0B26A8450400D88D07 /* Project object */;
}
